
Microsoft Visual Studio Solution File, Format Version 12.00
# Visual Studio 15
VisualStudioVersion = 15.0.28307.705
MinimumVisualStudioVersion = 10.0.40219.1
Project("{FAE04EC0-301F-11D3-BF4B-00C04F79EFBC}") = "GradoviWinForm", "GradoviWinForm\GradoviWinForm.csproj", "{B03A8732-41DE-42FF-814E-7D129402020F}"
EndProject
Global
	GlobalSection(SolutionConfigurationPlatforms) = preSolution
		Debug|Any CPU = Debug|Any CPU
		Release|Any CPU = Release|Any CPU
	EndGlobalSection
	GlobalSection(ProjectConfigurationPlatforms) = postSolution
		{B03A8732-41DE-42FF-814E-7D129402020F}.Debug|Any CPU.ActiveCfg = Debug|Any CPU
		{B03A8732-41DE-42FF-814E-7D129402020F}.Debug|Any CPU.Build.0 = Debug|Any CPU
		{B03A8732-41DE-42FF-814E-7D129402020F}.Release|Any CPU.ActiveCfg = Release|Any CPU
		{B03A8732-41DE-42FF-814E-7D129402020F}.Release|Any CPU.Build.0 = Release|Any CPU
	EndGlobalSection
	GlobalSection(SolutionProperties) = preSolution
		HideSolutionNode = FALSE
	EndGlobalSection
	GlobalSection(ExtensibilityGlobals) = postSolution
		SolutionGuid = {61E7B305-C8DF-4FB5-842A-BDA04D840CE1}
	EndGlobalSection
EndGlobal
